// !$*UTF8*$!
{
	archiveVersion = 1;
	classes = {
	};
	objectVersion = 46;
	objects = {

/* Begin PBXBuildFile section */
		FB34750C1C295A5A005B0E27 /* DemoCallElement.m in Sources */ = {isa = PBXBuildFile; fileRef = FB34750B1C295A5A005B0E27 /* DemoCallElement.m */; };
		FB555C1F1C25010700DB71FA /* data.plist in Resources */ = {isa = PBXBuildFile; fileRef = FB555C1E1C25010700DB71FA /* data.plist */; };
		FB8537AA1C21BB0600DF0441 /* main.m in Sources */ = {isa = PBXBuildFile; fileRef = FB8537A91C21BB0600DF0441 /* main.m */; };
		FB8537B51C21BB0600DF0441 /* Assets.xcassets in Resources */ = {isa = PBXBuildFile; fileRef = FB8537B41C21BB0600DF0441 /* Assets.xcassets */; };
		FB8537B81C21BB0600DF0441 /* LaunchScreen.storyboard in Resources */ = {isa = PBXBuildFile; fileRef = FB8537B61C21BB0600DF0441 /* LaunchScreen.storyboard */; };
		FB8537C81C21BB5A00DF0441 /* MainScreen.m in Sources */ = {isa = PBXBuildFile; fileRef = FB8537C01C21BB5A00DF0441 /* MainScreen.m */; };
		FB8537C91C21BB5A00DF0441 /* ConsoleScreen.m in Sources */ = {isa = PBXBuildFile; fileRef = FB8537C21C21BB5A00DF0441 /* ConsoleScreen.m */; };
		FB8537CA1C21BB5A00DF0441 /* BootLogic.m in Sources */ = {isa = PBXBuildFile; fileRef = FB8537C41C21BB5A00DF0441 /* BootLogic.m */; };
		FB8537CB1C21BB5A00DF0441 /* AppDelegate.m in Sources */ = {isa = PBXBuildFile; fileRef = FB8537C61C21BB5A00DF0441 /* AppDelegate.m */; };
		FB8537CE1C21BBA000DF0441 /* DemoFootball.m in Sources */ = {isa = PBXBuildFile; fileRef = FB8537CD1C21BBA000DF0441 /* DemoFootball.m */; };
		FBBC1F691C2817970076D29D /* DemoCArrayNSArray.m in Sources */ = {isa = PBXBuildFile; fileRef = FBBC1F681C2817970076D29D /* DemoCArrayNSArray.m */; };
		FBCFD4DA1C23B1F000411392 /* NSObject+DemoCategory.m in Sources */ = {isa = PBXBuildFile; fileRef = FBCFD4D91C23B1F000411392 /* NSObject+DemoCategory.m */; };
/* End PBXBuildFile section */

/* Begin PBXFileReference section */
		FB34750A1C295A5A005B0E27 /* DemoCallElement.h */ = {isa = PBXFileReference; fileEncoding = 4; lastKnownFileType = sourcecode.c.h; path = DemoCallElement.h; sourceTree = "<group>"; };
		FB34750B1C295A5A005B0E27 /* DemoCallElement.m */ = {isa = PBXFileReference; fileEncoding = 4; lastKnownFileType = sourcecode.c.objc; path = DemoCallElement.m; sourceTree = "<group>"; };
		FB555C1E1C25010700DB71FA /* data.plist */ = {isa = PBXFileReference; fileEncoding = 4; lastKnownFileType = text.plist.xml; path = data.plist; sourceTree = "<group>"; };
		FB8537A51C21BB0600DF0441 /* QueryArray.app */ = {isa = PBXFileReference; explicitFileType = wrapper.application; includeInIndex = 0; path = QueryArray.app; sourceTree = BUILT_PRODUCTS_DIR; };
		FB8537A91C21BB0600DF0441 /* main.m */ = {isa = PBXFileReference; lastKnownFileType = sourcecode.c.objc; path = main.m; sourceTree = "<group>"; };
		FB8537B41C21BB0600DF0441 /* Assets.xcassets */ = {isa = PBXFileReference; lastKnownFileType = folder.assetcatalog; path = Assets.xcassets; sourceTree = "<group>"; };
		FB8537B71C21BB0600DF0441 /* Base */ = {isa = PBXFileReference; lastKnownFileType = file.storyboard; name = Base; path = Base.lproj/LaunchScreen.storyboard; sourceTree = "<group>"; };
		FB8537B91C21BB0600DF0441 /* Info.plist */ = {isa = PBXFileReference; lastKnownFileType = text.plist.xml; path = Info.plist; sourceTree = "<group>"; };
		FB8537C01C21BB5A00DF0441 /* MainScreen.m */ = {isa = PBXFileReference; fileEncoding = 4; lastKnownFileType = sourcecode.c.objc; path = MainScreen.m; sourceTree = "<group>"; };
		FB8537C11C21BB5A00DF0441 /* MainScreen.h */ = {isa = PBXFileReference; fileEncoding = 4; lastKnownFileType = sourcecode.c.h; path = MainScreen.h; sourceTree = "<group>"; };
		FB8537C21C21BB5A00DF0441 /* ConsoleScreen.m */ = {isa = PBXFileReference; fileEncoding = 4; lastKnownFileType = sourcecode.c.objc; path = ConsoleScreen.m; sourceTree = "<group>"; };
		FB8537C31C21BB5A00DF0441 /* ConsoleScreen.h */ = {isa = PBXFileReference; fileEncoding = 4; lastKnownFileType = sourcecode.c.h; path = ConsoleScreen.h; sourceTree = "<group>"; };
		FB8537C41C21BB5A00DF0441 /* BootLogic.m */ = {isa = PBXFileReference; fileEncoding = 4; lastKnownFileType = sourcecode.c.objc; path = BootLogic.m; sourceTree = "<group>"; };
		FB8537C51C21BB5A00DF0441 /* BootLogic.h */ = {isa = PBXFileReference; fileEncoding = 4; lastKnownFileType = sourcecode.c.h; path = BootLogic.h; sourceTree = "<group>"; };
		FB8537C61C21BB5A00DF0441 /* AppDelegate.m */ = {isa = PBXFileReference; fileEncoding = 4; lastKnownFileType = sourcecode.c.objc; path = AppDelegate.m; sourceTree = "<group>"; };
		FB8537C71C21BB5A00DF0441 /* AppDelegate.h */ = {isa = PBXFileReference; fileEncoding = 4; lastKnownFileType = sourcecode.c.h; path = AppDelegate.h; sourceTree = "<group>"; };
		FB8537CC1C21BBA000DF0441 /* DemoFootball.h */ = {isa = PBXFileReference; fileEncoding = 4; lastKnownFileType = sourcecode.c.h; path = DemoFootball.h; sourceTree = "<group>"; };
		FB8537CD1C21BBA000DF0441 /* DemoFootball.m */ = {isa = PBXFileReference; fileEncoding = 4; lastKnownFileType = sourcecode.c.objc; path = DemoFootball.m; sourceTree = "<group>"; };
		FBBC1F671C2817970076D29D /* DemoCArrayNSArray.h */ = {isa = PBXFileReference; fileEncoding = 4; lastKnownFileType = sourcecode.c.h; path = DemoCArrayNSArray.h; sourceTree = "<group>"; };
		FBBC1F681C2817970076D29D /* DemoCArrayNSArray.m */ = {isa = PBXFileReference; fileEncoding = 4; lastKnownFileType = sourcecode.c.objc; path = DemoCArrayNSArray.m; sourceTree = "<group>"; };
		FBCFD4D81C23B1F000411392 /* NSObject+DemoCategory.h */ = {isa = PBXFileReference; fileEncoding = 4; lastKnownFileType = sourcecode.c.h; path = "NSObject+DemoCategory.h"; sourceTree = "<group>"; };
		FBCFD4D91C23B1F000411392 /* NSObject+DemoCategory.m */ = {isa = PBXFileReference; fileEncoding = 4; lastKnownFileType = sourcecode.c.objc; path = "NSObject+DemoCategory.m"; sourceTree = "<group>"; };
/* End PBXFileReference section */

/* Begin PBXFrameworksBuildPhase section */
		FB8537A21C21BB0600DF0441 /* Frameworks */ = {
			isa = PBXFrameworksBuildPhase;
			buildActionMask = 2147483647;
			files = (
			);
			runOnlyForDeploymentPostprocessing = 0;
		};
/* End PBXFrameworksBuildPhase section */

/* Begin PBXGroup section */
		FB85379C1C21BB0500DF0441 = {
			isa = PBXGroup;
			children = (
				FB8537A71C21BB0600DF0441 /* QueryArray */,
				FB8537A61C21BB0600DF0441 /* Products */,
			);
			sourceTree = "<group>";
		};
		FB8537A61C21BB0600DF0441 /* Products */ = {
			isa = PBXGroup;
			children = (
				FB8537A51C21BB0600DF0441 /* QueryArray.app */,
			);
			name = Products;
			sourceTree = "<group>";
		};
		FB8537A71C21BB0600DF0441 /* QueryArray */ = {
			isa = PBXGroup;
			children = (
				FB8537BF1C21BB4200DF0441 /* Basic  */,
				FB8537B41C21BB0600DF0441 /* Assets.xcassets */,
				FB8537B61C21BB0600DF0441 /* LaunchScreen.storyboard */,
				FB8537B91C21BB0600DF0441 /* Info.plist */,
				FB8537A81C21BB0600DF0441 /* Supporting Files */,
			);
			path = QueryArray;
			sourceTree = "<group>";
		};
		FB8537A81C21BB0600DF0441 /* Supporting Files */ = {
			isa = PBXGroup;
			children = (
				FB8537A91C21BB0600DF0441 /* main.m */,
			);
			name = "Supporting Files";
			sourceTree = "<group>";
		};
		FB8537BF1C21BB4200DF0441 /* Basic  */ = {
			isa = PBXGroup;
			children = (
				FB8537C01C21BB5A00DF0441 /* MainScreen.m */,
				FB8537C11C21BB5A00DF0441 /* MainScreen.h */,
				FB8537C21C21BB5A00DF0441 /* ConsoleScreen.m */,
				FB8537C31C21BB5A00DF0441 /* ConsoleScreen.h */,
				FB8537C41C21BB5A00DF0441 /* BootLogic.m */,
				FB8537C51C21BB5A00DF0441 /* BootLogic.h */,
				FB8537C61C21BB5A00DF0441 /* AppDelegate.m */,
				FB8537C71C21BB5A00DF0441 /* AppDelegate.h */,
				FB8537CC1C21BBA000DF0441 /* DemoFootball.h */,
				FB8537CD1C21BBA000DF0441 /* DemoFootball.m */,
				FBCFD4D81C23B1F000411392 /* NSObject+DemoCategory.h */,
				FBCFD4D91C23B1F000411392 /* NSObject+DemoCategory.m */,
				FB555C1E1C25010700DB71FA /* data.plist */,
				FBBC1F671C2817970076D29D /* DemoCArrayNSArray.h */,
				FBBC1F681C2817970076D29D /* DemoCArrayNSArray.m */,
				FB34750A1C295A5A005B0E27 /* DemoCallElement.h */,
				FB34750B1C295A5A005B0E27 /* DemoCallElement.m */,
			);
			path = "Basic ";
			sourceTree = "<group>";
		};
/* End PBXGroup section */

/* Begin PBXNativeTarget section */
		FB8537A41C21BB0600DF0441 /* QueryArray */ = {
			isa = PBXNativeTarget;
			buildConfigurationList = FB8537BC1C21BB0600DF0441 /* Build configuration list for PBXNativeTarget "QueryArray" */;
			buildPhases = (
				FB8537A11C21BB0600DF0441 /* Sources */,
				FB8537A21C21BB0600DF0441 /* Frameworks */,
				FB8537A31C21BB0600DF0441 /* Resources */,
			);
			buildRules = (
			);
			dependencies = (
			);
			name = QueryArray;
			productName = QueryArray;
			productReference = FB8537A51C21BB0600DF0441 /* QueryArray.app */;
			productType = "com.apple.product-type.application";
		};
/* End PBXNativeTarget section */

/* Begin PBXProject section */
		FB85379D1C21BB0500DF0441 /* Project object */ = {
			isa = PBXProject;
			attributes = {
				LastUpgradeCheck = 0720;
				ORGANIZATIONNAME = "Duy Dang";
				TargetAttributes = {
					FB8537A41C21BB0600DF0441 = {
						CreatedOnToolsVersion = 7.2;
						DevelopmentTeam = 4QG3WKA74A;
					};
				};
			};
			buildConfigurationList = FB8537A01C21BB0500DF0441 /* Build configuration list for PBXProject "QueryArray" */;
			compatibilityVersion = "Xcode 3.2";
			developmentRegion = English;
			hasScannedForEncodings = 0;
			knownRegions = (
				en,
				Base,
			);
			mainGroup = FB85379C1C21BB0500DF0441;
			productRefGroup = FB8537A61C21BB0600DF0441 /* Products */;
			projectDirPath = "";
			projectRoot = "";
			targets = (
				FB8537A41C21BB0600DF0441 /* QueryArray */,
			);
		};
/* End PBXProject section */

/* Begin PBXResourcesBuildPhase section */
		FB8537A31C21BB0600DF0441 /* Resources */ = {
			isa = PBXResourcesBuildPhase;
			buildActionMask = 2147483647;
			files = (
				FB555C1F1C25010700DB71FA /* data.plist in Resources */,
				FB8537B81C21BB0600DF0441 /* LaunchScreen.storyboard in Resources */,
				FB8537B51C21BB0600DF0441 /* Assets.xcassets in Resources */,
			);
			runOnlyForDeploymentPostprocessing = 0;
		};
/* End PBXResourcesBuildPhase section */

/* Begin PBXSourcesBuildPhase section */
		FB8537A11C21BB0600DF0441 /* Sources */ = {
			isa = PBXSourcesBuildPhase;
			buildActionMask = 2147483647;
			files = (
				FB8537CA1C21BB5A00DF0441 /* BootLogic.m in Sources */,
				FB8537CE1C21BBA000DF0441 /* DemoFootball.m in Sources */,
				FBCFD4DA1C23B1F000411392 /* NSObject+DemoCategory.m in Sources */,
				FB34750C1C295A5A005B0E27 /* DemoCallElement.m in Sources */,
				FB8537C81C21BB5A00DF0441 /* MainScreen.m in Sources */,
				FB8537AA1C21BB0600DF0441 /* main.m in Sources */,
				FBBC1F691C2817970076D29D /* DemoCArrayNSArray.m in Sources */,
				FB8537C91C21BB5A00DF0441 /* ConsoleScreen.m in Sources */,
				FB8537CB1C21BB5A00DF0441 /* AppDelegate.m in Sources */,
			);
			runOnlyForDeploymentPostprocessing = 0;
		};
/* End PBXSourcesBuildPhase section */

/* Begin PBXVariantGroup section */
		FB8537B61C21BB0600DF0441 /* LaunchScreen.storyboard */ = {
			isa = PBXVariantGroup;
			children = (
				FB8537B71C21BB0600DF0441 /* Base */,
			);
			name = LaunchScreen.storyboard;
			sourceTree = "<group>";
		};
/* End PBXVariantGroup section */

/* Begin XCBuildConfiguration section */
		FB8537BA1C21BB0600DF0441 /* Debug */ = {
			isa = XCBuildConfiguration;
			buildSettings = {
				ALWAYS_SEARCH_USER_PATHS = NO;
				CLANG_CXX_LANGUAGE_STANDARD = "gnu++0x";
				CLANG_CXX_LIBRARY = "libc++";
				CLANG_ENABLE_MODULES = YES;
				CLANG_ENABLE_OBJC_ARC = YES;
				CLANG_WARN_BOOL_CONVERSION = YES;
				CLANG_WARN_CONSTANT_CONVERSION = YES;
				CLANG_WARN_DIRECT_OBJC_ISA_USAGE = YES_ERROR;
				CLANG_WARN_EMPTY_BODY = YES;
				CLANG_WARN_ENUM_CONVERSION = YES;
				CLANG_WARN_INT_CONVERSION = YES;
				CLANG_WARN_OBJC_ROOT_CLASS = YES_ERROR;
				CLANG_WARN_UNREACHABLE_CODE = YES;
				CLANG_WARN__DUPLICATE_METHOD_MATCH = YES;
				"CODE_SIGN_IDENTITY[sdk=iphoneos*]" = "iPhone Developer";
				COPY_PHASE_STRIP = NO;
				DEBUG_INFORMATION_FORMAT = dwarf;
				ENABLE_STRICT_OBJC_MSGSEND = YES;
				ENABLE_TESTABILITY = YES;
				GCC_C_LANGUAGE_STANDARD = gnu99;
				GCC_DYNAMIC_NO_PIC = NO;
				GCC_NO_COMMON_BLOCKS = YES;
				GCC_OPTIMIZATION_LEVEL = 0;
				GCC_PREPROCESSOR_DEFINITIONS = (
					"DEBUG=1",
					"$(inherited)",
				);
				GCC_WARN_64_TO_32_BIT_CONVERSION = YES;
				GCC_WARN_ABOUT_RETURN_TYPE = YES_ERROR;
				GCC_WARN_UNDECLARED_SELECTOR = YES;
				GCC_WARN_UNINITIALIZED_AUTOS = YES_AGGRESSIVE;
				GCC_WARN_UNUSED_FUNCTION = YES;
				GCC_WARN_UNUSED_VARIABLE = YES;
				IPHONEOS_DEPLOYMENT_TARGET = 9.2;
				MTL_ENABLE_DEBUG_INFO = YES;
				ONLY_ACTIVE_ARCH = YES;
				SDKROOT = iphoneos;
				TARGETED_DEVICE_FAMILY = "1,2";
			};
			name = Debug;
		};
		FB8537BB1C21BB0600DF0441 /* Release */ = {
			isa = XCBuildConfiguration;
			buildSettings = {
				ALWAYS_SEARCH_USER_PATHS = NO;
				CLANG_CXX_LANGUAGE_STANDARD = "gnu++0x";
				CLANG_CXX_LIBRARY = "libc++";
				CLANG_ENABLE_MODULES = YES;
				CLANG_ENABLE_OBJC_ARC = YES;
				CLANG_WARN_BOOL_CONVERSION = YES;
				CLANG_WARN_CONSTANT_CONVERSION = YES;
				CLANG_WARN_DIRECT_OBJC_ISA_USAGE = YES_ERROR;
				CLANG_WARN_EMPTY_BODY = YES;
				CLANG_WARN_ENUM_CONVERSION = YES;
				CLANG_WARN_INT_CONVERSION = YES;
				CLANG_WARN_OBJC_ROOT_CLASS = YES_ERROR;
				CLANG_WARN_UNREACHABLE_CODE = YES;
				CLANG_WARN__DUPLICATE_METHOD_MATCH = YES;
				"CODE_SIGN_IDENTITY[sdk=iphoneos*]" = "iPhone Developer";
				COPY_PHASE_STRIP = NO;
				DEBUG_INFORMATION_FORMAT = "dwarf-with-dsym";
				ENABLE_NS_ASSERTIONS = NO;
				ENABLE_STRICT_OBJC_MSGSEND = YES;
				GCC_C_LANGUAGE_STANDARD = gnu99;
				GCC_NO_COMMON_BLOCKS = YES;
				GCC_WARN_64_TO_32_BIT_CONVERSION = YES;
				GCC_WARN_ABOUT_RETURN_TYPE = YES_ERROR;
				GCC_WARN_UNDECLARED_SELECTOR = YES;
				GCC_WARN_UNINITIALIZED_AUTOS = YES_AGGRESSIVE;
				GCC_WARN_UNUSED_FUNCTION = YES;
				GCC_WARN_UNUSED_VARIABLE = YES;
				IPHONEOS_DEPLOYMENT_TARGET = 9.2;
				MTL_ENABLE_DEBUG_INFO = NO;
				SDKROOT = iphoneos;
				TARGETED_DEVICE_FAMILY = "1,2";
				VALIDATE_PRODUCT = YES;
			};
			name = Release;
		};
		FB8537BD1C21BB0600DF0441 /* Debug */ = {
			isa = XCBuildConfiguration;
			buildSettings = {
				ASSETCATALOG_COMPILER_APPICON_NAME = AppIcon;
				INFOPLIST_FILE = QueryArray/Info.plist;
				LD_RUNPATH_SEARCH_PATHS = "$(inherited) @executable_path/Frameworks";
				PRODUCT_BUNDLE_IDENTIFIER = vn.Family.QueryArray;
				PRODUCT_NAME = "$(TARGET_NAME)";
			};
			name = Debug;
		};
		FB8537BE1C21BB0600DF0441 /* Release */ = {
			isa = XCBuildConfiguration;
			buildSettings = {
				ASSETCATALOG_COMPILER_APPICON_NAME = AppIcon;
				INFOPLIST_FILE = QueryArray/Info.plist;
				LD_RUNPATH_SEARCH_PATHS = "$(inherited) @executable_path/Frameworks";
				PRODUCT_BUNDLE_IDENTIFIER = vn.Family.QueryArray;
				PRODUCT_NAME = "$(TARGET_NAME)";
			};
			name = Release;
		};
/* End XCBuildConfiguration section */

/* Begin XCConfigurationList section */
		FB8537A01C21BB0500DF0441 /* Build configuration list for PBXProject "QueryArray" */ = {
			isa = XCConfigurationList;
			buildConfigurations = (
				FB8537BA1C21BB0600DF0441 /* Debug */,
				FB8537BB1C21BB0600DF0441 /* Release */,
			);
			defaultConfigurationIsVisible = 0;
			defaultConfigurationName = Release;
		};
		FB8537BC1C21BB0600DF0441 /* Build configuration list for PBXNativeTarget "QueryArray" */ = {
			isa = XCConfigurationList;
			buildConfigurations = (
				FB8537BD1C21BB0600DF0441 /* Debug */,
				FB8537BE1C21BB0600DF0441 /* Release */,
			);
			defaultConfigurationIsVisible = 0;
			defaultConfigurationName = Release;
		};
/* End XCConfigurationList section */
	};
	rootObject = FB85379D1C21BB0500DF0441 /* Project object */;
}
